
Microsoft Visual Studio Solution File, Format Version 12.00
# Visual Studio Version 16
VisualStudioVersion = 16.0.31025.194
MinimumVisualStudioVersion = 10.0.40219.1
Project("{FAE04EC0-301F-11D3-BF4B-00C04F79EFBC}") = "ABintang", "ABintang\ABintang.csproj", "{21497475-24E1-467D-8433-E864F0564E20}"
EndProject
Global
	GlobalSection(SolutionConfigurationPlatforms) = preSolution
		Debug|Any CPU = Debug|Any CPU
		Release|Any CPU = Release|Any CPU
	EndGlobalSection
	GlobalSection(ProjectConfigurationPlatforms) = postSolution
		{21497475-24E1-467D-8433-E864F0564E20}.Debug|Any CPU.ActiveCfg = Debug|Any CPU
		{21497475-24E1-467D-8433-E864F0564E20}.Debug|Any CPU.Build.0 = Debug|Any CPU
		{21497475-24E1-467D-8433-E864F0564E20}.Release|Any CPU.ActiveCfg = Release|Any CPU
		{21497475-24E1-467D-8433-E864F0564E20}.Release|Any CPU.Build.0 = Release|Any CPU
	EndGlobalSection
	GlobalSection(SolutionProperties) = preSolution
		HideSolutionNode = FALSE
	EndGlobalSection
	GlobalSection(ExtensibilityGlobals) = postSolution
		SolutionGuid = {9E0BE8BF-5292-498D-A080-6B4D520075A0}
	EndGlobalSection
EndGlobal
